# THIS IS AN AUTOGENERATED FILE. DO NOT EDIT THIS FILE DIRECTLY.
# yarn lockfile v1


cryptocompare@^1.0.0:
  version "1.0.0"
  resolved "https://registry.yarnpkg.com/cryptocompare/-/cryptocompare-1.0.0.tgz#d93bafd037686ec13bbf3cf6b40187310f991a3d"
  integrity sha512-Xk6+hJJ+XSlWsofIx2WHF2n410ADLkXMfCn/1aLTI4NlWLo2LPtQzw+j3aBEPQ+HVar1dO5HVLAJFBQqGyhdOQ==
